
Microsoft Visual Studio Solution File, Format Version 12.00
# Visual Studio Version 16
VisualStudioVersion = 16.0.30011.22
MinimumVisualStudioVersion = 10.0.40219.1
Project("{FAE04EC0-301F-11D3-BF4B-00C04F79EFBC}") = "Funcionarios", "Funcionarios\Funcionarios.csproj", "{01FB2AD4-61D0-4261-A651-F0F3CCA5580E}"
EndProject
Global
	GlobalSection(SolutionConfigurationPlatforms) = preSolution
		Debug|Any CPU = Debug|Any CPU
		Release|Any CPU = Release|Any CPU
	EndGlobalSection
	GlobalSection(ProjectConfigurationPlatforms) = postSolution
		{01FB2AD4-61D0-4261-A651-F0F3CCA5580E}.Debug|Any CPU.ActiveCfg = Debug|Any CPU
		{01FB2AD4-61D0-4261-A651-F0F3CCA5580E}.Debug|Any CPU.Build.0 = Debug|Any CPU
		{01FB2AD4-61D0-4261-A651-F0F3CCA5580E}.Release|Any CPU.ActiveCfg = Release|Any CPU
		{01FB2AD4-61D0-4261-A651-F0F3CCA5580E}.Release|Any CPU.Build.0 = Release|Any CPU
	EndGlobalSection
	GlobalSection(SolutionProperties) = preSolution
		HideSolutionNode = FALSE
	EndGlobalSection
	GlobalSection(ExtensibilityGlobals) = postSolution
		SolutionGuid = {AE472508-926B-4CCC-B40B-0EC60B2FF62B}
	EndGlobalSection
EndGlobal
